
Microsoft Visual Studio Solution File, Format Version 12.00
# Visual Studio Version 16
VisualStudioVersion = 16.0.29911.84
MinimumVisualStudioVersion = 10.0.40219.1
Project("{FAE04EC0-301F-11D3-BF4B-00C04F79EFBC}") = "Whist", "Whist.csproj", "{77A72A4C-A4FE-4864-80BC-E9EBC840155B}"
EndProject
Global
	GlobalSection(SolutionConfigurationPlatforms) = preSolution
		Debug|Any CPU = Debug|Any CPU
		Release|Any CPU = Release|Any CPU
	EndGlobalSection
	GlobalSection(ProjectConfigurationPlatforms) = postSolution
		{77A72A4C-A4FE-4864-80BC-E9EBC840155B}.Debug|Any CPU.ActiveCfg = Debug|Any CPU
		{77A72A4C-A4FE-4864-80BC-E9EBC840155B}.Debug|Any CPU.Build.0 = Debug|Any CPU
		{77A72A4C-A4FE-4864-80BC-E9EBC840155B}.Release|Any CPU.ActiveCfg = Release|Any CPU
		{77A72A4C-A4FE-4864-80BC-E9EBC840155B}.Release|Any CPU.Build.0 = Release|Any CPU
	EndGlobalSection
	GlobalSection(SolutionProperties) = preSolution
		HideSolutionNode = FALSE
	EndGlobalSection
	GlobalSection(ExtensibilityGlobals) = postSolution
		SolutionGuid = {6E1827C3-B10B-4A23-AF12-0CA0AB4C576C}
	EndGlobalSection
EndGlobal
